// !$*UTF8*$!
{
	archiveVersion = 1;
	classes = {
	};
	objectVersion = 46;
	objects = {

/* Begin PBXBuildFile section */
		6B403C151ED9790800246086 /* FCSyncDataViewController.m in Sources */ = {isa = PBXBuildFile; fileRef = 6B403C141ED9790800246086 /* FCSyncDataViewController.m */; };
		6B5DD2521DC8A4E100788BDA /* main.m in Sources */ = {isa = PBXBuildFile; fileRef = 6B5DD2511DC8A4E100788BDA /* main.m */; };
		6B5DD2551DC8A4E200788BDA /* AppDelegate.m in Sources */ = {isa = PBXBuildFile; fileRef = 6B5DD2541DC8A4E200788BDA /* AppDelegate.m */; };
		6B5DD25B1DC8A4E200788BDA /* Main.storyboard in Resources */ = {isa = PBXBuildFile; fileRef = 6B5DD2591DC8A4E200788BDA /* Main.storyboard */; };
		6B5DD25D1DC8A4E200788BDA /* Assets.xcassets in Resources */ = {isa = PBXBuildFile; fileRef = 6B5DD25C1DC8A4E200788BDA /* Assets.xcassets */; };
		6B5DD2601DC8A4E200788BDA /* LaunchScreen.storyboard in Resources */ = {isa = PBXBuildFile; fileRef = 6B5DD25E1DC8A4E200788BDA /* LaunchScreen.storyboard */; };
		6B5DD26B1DC8A4E200788BDA /* FitCloudDemoTests.m in Sources */ = {isa = PBXBuildFile; fileRef = 6B5DD26A1DC8A4E200788BDA /* FitCloudDemoTests.m */; };
		6B5DD2761DC8A4E200788BDA /* FitCloudDemoUITests.m in Sources */ = {isa = PBXBuildFile; fileRef = 6B5DD2751DC8A4E200788BDA /* FitCloudDemoUITests.m */; };
		6B5DD2C41DC8A97A00788BDA /* FitCloud+Category.m in Sources */ = {isa = PBXBuildFile; fileRef = 6B5DD2BE1DC8A97A00788BDA /* FitCloud+Category.m */; };
		6B5DD2C61DC8A97A00788BDA /* NSObject+HUD.m in Sources */ = {isa = PBXBuildFile; fileRef = 6B5DD2C21DC8A97A00788BDA /* NSObject+HUD.m */; };
		6BCF1C6A1DE57FD600B99A21 /* FitCloudManager.m in Sources */ = {isa = PBXBuildFile; fileRef = 6BCF1C691DE57FD600B99A21 /* FitCloudManager.m */; };
		6BE746CF1ED941BC0085E16E /* FCConfigManager.m in Sources */ = {isa = PBXBuildFile; fileRef = 6BE746CE1ED941BC0085E16E /* FCConfigManager.m */; };
		6BE746DE1ED95C8D0085E16E /* FCHomeViewController.m in Sources */ = {isa = PBXBuildFile; fileRef = 6BE746DD1ED95C8D0085E16E /* FCHomeViewController.m */; };
		6BE746F01ED95DB20085E16E /* FCSportsViewController.m in Sources */ = {isa = PBXBuildFile; fileRef = 6BE746EF1ED95DB20085E16E /* FCSportsViewController.m */; };
		6BE746F31ED95DBF0085E16E /* FCSleepViewController.m in Sources */ = {isa = PBXBuildFile; fileRef = 6BE746F21ED95DBF0085E16E /* FCSleepViewController.m */; };
		6BE746F91ED95DE40085E16E /* FCHealthViewController.m in Sources */ = {isa = PBXBuildFile; fileRef = 6BE746F81ED95DE40085E16E /* FCHealthViewController.m */; };
		6BE746FD1ED95F360085E16E /* FCTabBarController.m in Sources */ = {isa = PBXBuildFile; fileRef = 6BE746FC1ED95F360085E16E /* FCTabBarController.m */; };
		6BE747091ED965A80085E16E /* MBProgressHUD+Category.m in Sources */ = {isa = PBXBuildFile; fileRef = 6BE747081ED965A80085E16E /* MBProgressHUD+Category.m */; };
		6BF31A5E1ED98A60000454EB /* FCSettingViewController.m in Sources */ = {isa = PBXBuildFile; fileRef = 6BF31A5D1ED98A60000454EB /* FCSettingViewController.m */; };
		6BFE92711DD4C02500685350 /* libFitCloud.a in Frameworks */ = {isa = PBXBuildFile; fileRef = 6BFE92701DD4C02500685350 /* libFitCloud.a */; };
		CB7CB9E6F4E6054DD7B94E79 /* libPods-FitCloudDemo.a in Frameworks */ = {isa = PBXBuildFile; fileRef = D2577CFEC4DEBAB49E54AAD7 /* libPods-FitCloudDemo.a */; };
/* End PBXBuildFile section */

/* Begin PBXContainerItemProxy section */
		6B5DD2671DC8A4E200788BDA /* PBXContainerItemProxy */ = {
			isa = PBXContainerItemProxy;
			containerPortal = 6B5DD2451DC8A4E100788BDA /* Project object */;
			proxyType = 1;
			remoteGlobalIDString = 6B5DD24C1DC8A4E100788BDA;
			remoteInfo = FitCloudDemo;
		};
		6B5DD2721DC8A4E200788BDA /* PBXContainerItemProxy */ = {
			isa = PBXContainerItemProxy;
			containerPortal = 6B5DD2451DC8A4E100788BDA /* Project object */;
			proxyType = 1;
			remoteGlobalIDString = 6B5DD24C1DC8A4E100788BDA;
			remoteInfo = FitCloudDemo;
		};
/* End PBXContainerItemProxy section */

/* Begin PBXFileReference section */
		4F3EEE29CDF0B6E4519D5170 /* Pods-FitCloudDemo.release.xcconfig */ = {isa = PBXFileReference; includeInIndex = 1; lastKnownFileType = text.xcconfig; name = "Pods-FitCloudDemo.release.xcconfig"; path = "Pods/Target Support Files/Pods-FitCloudDemo/Pods-FitCloudDemo.release.xcconfig"; sourceTree = "<group>"; };
		6B403C131ED9790800246086 /* FCSyncDataViewController.h */ = {isa = PBXFileReference; fileEncoding = 4; lastKnownFileType = sourcecode.c.h; path = FCSyncDataViewController.h; sourceTree = "<group>"; };
		6B403C141ED9790800246086 /* FCSyncDataViewController.m */ = {isa = PBXFileReference; fileEncoding = 4; lastKnownFileType = sourcecode.c.objc; path = FCSyncDataViewController.m; sourceTree = "<group>"; };
		6B5DD24D1DC8A4E100788BDA /* FitCloudDemo.app */ = {isa = PBXFileReference; explicitFileType = wrapper.application; includeInIndex = 0; path = FitCloudDemo.app; sourceTree = BUILT_PRODUCTS_DIR; };
		6B5DD2511DC8A4E100788BDA /* main.m */ = {isa = PBXFileReference; lastKnownFileType = sourcecode.c.objc; path = main.m; sourceTree = "<group>"; };
		6B5DD2531DC8A4E100788BDA /* AppDelegate.h */ = {isa = PBXFileReference; lastKnownFileType = sourcecode.c.h; path = AppDelegate.h; sourceTree = "<group>"; };
		6B5DD2541DC8A4E200788BDA /* AppDelegate.m */ = {isa = PBXFileReference; lastKnownFileType = sourcecode.c.objc; path = AppDelegate.m; sourceTree = "<group>"; };
		6B5DD25A1DC8A4E200788BDA /* Base */ = {isa = PBXFileReference; lastKnownFileType = file.storyboard; name = Base; path = Base.lproj/Main.storyboard; sourceTree = "<group>"; };
		6B5DD25C1DC8A4E200788BDA /* Assets.xcassets */ = {isa = PBXFileReference; lastKnownFileType = folder.assetcatalog; path = Assets.xcassets; sourceTree = "<group>"; };
		6B5DD25F1DC8A4E200788BDA /* Base */ = {isa = PBXFileReference; lastKnownFileType = file.storyboard; name = Base; path = Base.lproj/LaunchScreen.storyboard; sourceTree = "<group>"; };
		6B5DD2611DC8A4E200788BDA /* Info.plist */ = {isa = PBXFileReference; lastKnownFileType = text.plist.xml; path = Info.plist; sourceTree = "<group>"; };
		6B5DD2661DC8A4E200788BDA /* FitCloudDemoTests.xctest */ = {isa = PBXFileReference; explicitFileType = wrapper.cfbundle; includeInIndex = 0; path = FitCloudDemoTests.xctest; sourceTree = BUILT_PRODUCTS_DIR; };
		6B5DD26A1DC8A4E200788BDA /* FitCloudDemoTests.m */ = {isa = PBXFileReference; lastKnownFileType = sourcecode.c.objc; path = FitCloudDemoTests.m; sourceTree = "<group>"; };
		6B5DD26C1DC8A4E200788BDA /* Info.plist */ = {isa = PBXFileReference; lastKnownFileType = text.plist.xml; path = Info.plist; sourceTree = "<group>"; };
		6B5DD2711DC8A4E200788BDA /* FitCloudDemoUITests.xctest */ = {isa = PBXFileReference; explicitFileType = wrapper.cfbundle; includeInIndex = 0; path = FitCloudDemoUITests.xctest; sourceTree = BUILT_PRODUCTS_DIR; };
		6B5DD2751DC8A4E200788BDA /* FitCloudDemoUITests.m */ = {isa = PBXFileReference; lastKnownFileType = sourcecode.c.objc; path = FitCloudDemoUITests.m; sourceTree = "<group>"; };
		6B5DD2771DC8A4E200788BDA /* Info.plist */ = {isa = PBXFileReference; lastKnownFileType = text.plist.xml; path = Info.plist; sourceTree = "<group>"; };
		6B5DD2A01DC8A95600788BDA /* Macro.h */ = {isa = PBXFileReference; fileEncoding = 4; lastKnownFileType = sourcecode.c.h; path = Macro.h; sourceTree = "<group>"; };
		6B5DD2BD1DC8A97A00788BDA /* FitCloud+Category.h */ = {isa = PBXFileReference; fileEncoding = 4; lastKnownFileType = sourcecode.c.h; path = "FitCloud+Category.h"; sourceTree = "<group>"; };
		6B5DD2BE1DC8A97A00788BDA /* FitCloud+Category.m */ = {isa = PBXFileReference; fileEncoding = 4; lastKnownFileType = sourcecode.c.objc; path = "FitCloud+Category.m"; sourceTree = "<group>"; };
		6B5DD2C11DC8A97A00788BDA /* NSObject+HUD.h */ = {isa = PBXFileReference; fileEncoding = 4; lastKnownFileType = sourcecode.c.h; path = "NSObject+HUD.h"; sourceTree = "<group>"; };
		6B5DD2C21DC8A97A00788BDA /* NSObject+HUD.m */ = {isa = PBXFileReference; fileEncoding = 4; lastKnownFileType = sourcecode.c.objc; path = "NSObject+HUD.m"; sourceTree = "<group>"; };
		6BCF1C681DE57FD600B99A21 /* FitCloudManager.h */ = {isa = PBXFileReference; fileEncoding = 4; lastKnownFileType = sourcecode.c.h; path = FitCloudManager.h; sourceTree = "<group>"; };
		6BCF1C691DE57FD600B99A21 /* FitCloudManager.m */ = {isa = PBXFileReference; fileEncoding = 4; lastKnownFileType = sourcecode.c.objc; path = FitCloudManager.m; sourceTree = "<group>"; };
		6BE746CD1ED941BC0085E16E /* FCConfigManager.h */ = {isa = PBXFileReference; fileEncoding = 4; lastKnownFileType = sourcecode.c.h; path = FCConfigManager.h; sourceTree = "<group>"; };
		6BE746CE1ED941BC0085E16E /* FCConfigManager.m */ = {isa = PBXFileReference; fileEncoding = 4; lastKnownFileType = sourcecode.c.objc; path = FCConfigManager.m; sourceTree = "<group>"; };
		6BE746DC1ED95C8D0085E16E /* FCHomeViewController.h */ = {isa = PBXFileReference; fileEncoding = 4; lastKnownFileType = sourcecode.c.h; path = FCHomeViewController.h; sourceTree = "<group>"; };
		6BE746DD1ED95C8D0085E16E /* FCHomeViewController.m */ = {isa = PBXFileReference; fileEncoding = 4; lastKnownFileType = sourcecode.c.objc; path = FCHomeViewController.m; sourceTree = "<group>"; };
		6BE746EE1ED95DB20085E16E /* FCSportsViewController.h */ = {isa = PBXFileReference; fileEncoding = 4; lastKnownFileType = sourcecode.c.h; path = FCSportsViewController.h; sourceTree = "<group>"; };
		6BE746EF1ED95DB20085E16E /* FCSportsViewController.m */ = {isa = PBXFileReference; fileEncoding = 4; lastKnownFileType = sourcecode.c.objc; path = FCSportsViewController.m; sourceTree = "<group>"; };
		6BE746F11ED95DBF0085E16E /* FCSleepViewController.h */ = {isa = PBXFileReference; fileEncoding = 4; lastKnownFileType = sourcecode.c.h; path = FCSleepViewController.h; sourceTree = "<group>"; };
		6BE746F21ED95DBF0085E16E /* FCSleepViewController.m */ = {isa = PBXFileReference; fileEncoding = 4; lastKnownFileType = sourcecode.c.objc; path = FCSleepViewController.m; sourceTree = "<group>"; };
		6BE746F71ED95DE40085E16E /* FCHealthViewController.h */ = {isa = PBXFileReference; fileEncoding = 4; lastKnownFileType = sourcecode.c.h; path = FCHealthViewController.h; sourceTree = "<group>"; };
		6BE746F81ED95DE40085E16E /* FCHealthViewController.m */ = {isa = PBXFileReference; fileEncoding = 4; lastKnownFileType = sourcecode.c.objc; path = FCHealthViewController.m; sourceTree = "<group>"; };
		6BE746FB1ED95F360085E16E /* FCTabBarController.h */ = {isa = PBXFileReference; fileEncoding = 4; lastKnownFileType = sourcecode.c.h; path = FCTabBarController.h; sourceTree = "<group>"; };
		6BE746FC1ED95F360085E16E /* FCTabBarController.m */ = {isa = PBXFileReference; fileEncoding = 4; lastKnownFileType = sourcecode.c.objc; path = FCTabBarController.m; sourceTree = "<group>"; };
		6BE747071ED965A80085E16E /* MBProgressHUD+Category.h */ = {isa = PBXFileReference; fileEncoding = 4; lastKnownFileType = sourcecode.c.h; path = "MBProgressHUD+Category.h"; sourceTree = "<group>"; };
		6BE747081ED965A80085E16E /* MBProgressHUD+Category.m */ = {isa = PBXFileReference; fileEncoding = 4; lastKnownFileType = sourcecode.c.objc; path = "MBProgressHUD+Category.m"; sourceTree = "<group>"; };
		6BF31A5C1ED98A60000454EB /* FCSettingViewController.h */ = {isa = PBXFileReference; fileEncoding = 4; lastKnownFileType = sourcecode.c.h; path = FCSettingViewController.h; sourceTree = "<group>"; };
		6BF31A5D1ED98A60000454EB /* FCSettingViewController.m */ = {isa = PBXFileReference; fileEncoding = 4; lastKnownFileType = sourcecode.c.objc; path = FCSettingViewController.m; sourceTree = "<group>"; };
		6BF7E0981DC8D2B40052073C /* libFitCloud.a */ = {isa = PBXFileReference; lastKnownFileType = archive.ar; name = libFitCloud.a; path = "lib/Debug-iphoneos/libFitCloud.a"; sourceTree = "<group>"; };
		6BFE92701DD4C02500685350 /* libFitCloud.a */ = {isa = PBXFileReference; lastKnownFileType = archive.ar; name = libFitCloud.a; path = lib/libFitCloud.a; sourceTree = "<group>"; };
		BB9C57499BC2C6CBFCEF3A1A /* Pods-FitCloudDemo.debug.xcconfig */ = {isa = PBXFileReference; includeInIndex = 1; lastKnownFileType = text.xcconfig; name = "Pods-FitCloudDemo.debug.xcconfig"; path = "Pods/Target Support Files/Pods-FitCloudDemo/Pods-FitCloudDemo.debug.xcconfig"; sourceTree = "<group>"; };
		D2577CFEC4DEBAB49E54AAD7 /* libPods-FitCloudDemo.a */ = {isa = PBXFileReference; explicitFileType = archive.ar; includeInIndex = 0; path = "libPods-FitCloudDemo.a"; sourceTree = BUILT_PRODUCTS_DIR; };
/* End PBXFileReference section */

/* Begin PBXFrameworksBuildPhase section */
		6B5DD24A1DC8A4E100788BDA /* Frameworks */ = {
			isa = PBXFrameworksBuildPhase;
			buildActionMask = 2147483647;
			files = (
				6BFE92711DD4C02500685350 /* libFitCloud.a in Frameworks */,
				CB7CB9E6F4E6054DD7B94E79 /* libPods-FitCloudDemo.a in Frameworks */,
			);
			runOnlyForDeploymentPostprocessing = 0;
		};
		6B5DD2631DC8A4E200788BDA /* Frameworks */ = {
			isa = PBXFrameworksBuildPhase;
			buildActionMask = 2147483647;
			files = (
			);
			runOnlyForDeploymentPostprocessing = 0;
		};
		6B5DD26E1DC8A4E200788BDA /* Frameworks */ = {
			isa = PBXFrameworksBuildPhase;
			buildActionMask = 2147483647;
			files = (
			);
			runOnlyForDeploymentPostprocessing = 0;
		};
/* End PBXFrameworksBuildPhase section */

/* Begin PBXGroup section */
		13BE42D1D97D6A112E8907B6 /* Pods */ = {
			isa = PBXGroup;
			children = (
				BB9C57499BC2C6CBFCEF3A1A /* Pods-FitCloudDemo.debug.xcconfig */,
				4F3EEE29CDF0B6E4519D5170 /* Pods-FitCloudDemo.release.xcconfig */,
			);
			name = Pods;
			sourceTree = "<group>";
		};
		6B403C0F1ED978DA00246086 /* 数据 */ = {
			isa = PBXGroup;
			children = (
				6B403C121ED978FA00246086 /* ViewController */,
				6B403C111ED978EE00246086 /* Model */,
				6B403C101ED978E800246086 /* View */,
			);
			path = "数据";
			sourceTree = "<group>";
		};
		6B403C101ED978E800246086 /* View */ = {
			isa = PBXGroup;
			children = (
			);
			path = View;
			sourceTree = "<group>";
		};
		6B403C111ED978EE00246086 /* Model */ = {
			isa = PBXGroup;
			children = (
			);
			path = Model;
			sourceTree = "<group>";
		};
		6B403C121ED978FA00246086 /* ViewController */ = {
			isa = PBXGroup;
			children = (
				6B403C131ED9790800246086 /* FCSyncDataViewController.h */,
				6B403C141ED9790800246086 /* FCSyncDataViewController.m */,
			);
			path = ViewController;
			sourceTree = "<group>";
		};
		6B5DD2441DC8A4E100788BDA = {
			isa = PBXGroup;
			children = (
				6B5DD24F1DC8A4E100788BDA /* FitCloudDemo */,
				6B5DD2691DC8A4E200788BDA /* FitCloudDemoTests */,
				6B5DD2741DC8A4E200788BDA /* FitCloudDemoUITests */,
				6B5DD24E1DC8A4E100788BDA /* Products */,
				6BF7E0971DC8D2B40052073C /* Frameworks */,
				13BE42D1D97D6A112E8907B6 /* Pods */,
			);
			sourceTree = "<group>";
		};
		6B5DD24E1DC8A4E100788BDA /* Products */ = {
			isa = PBXGroup;
			children = (
				6B5DD24D1DC8A4E100788BDA /* FitCloudDemo.app */,
				6B5DD2661DC8A4E200788BDA /* FitCloudDemoTests.xctest */,
				6B5DD2711DC8A4E200788BDA /* FitCloudDemoUITests.xctest */,
			);
			name = Products;
			sourceTree = "<group>";
		};
		6B5DD24F1DC8A4E100788BDA /* FitCloudDemo */ = {
			isa = PBXGroup;
			children = (
				6BE746FA1ED95ECB0085E16E /* View */,
				6BE746D31ED95AA90085E16E /* Define */,
				6BE746D21ED95A990085E16E /* Utils */,
				6BE746D01ED954D40085E16E /* Model */,
				6BCF1C671DE57FC700B99A21 /* Manager */,
				6B5DD2BA1DC8A97A00788BDA /* Category */,
				6B5DD29F1DC8A95600788BDA /* Marco */,
				6B5DD2A21DC8A95600788BDA /* Verdor */,
				6B5DD2A51DC8A95600788BDA /* ViewControllers */,
				6B5DD2531DC8A4E100788BDA /* AppDelegate.h */,
				6B5DD2541DC8A4E200788BDA /* AppDelegate.m */,
				6B5DD2591DC8A4E200788BDA /* Main.storyboard */,
				6B5DD25C1DC8A4E200788BDA /* Assets.xcassets */,
				6B5DD25E1DC8A4E200788BDA /* LaunchScreen.storyboard */,
				6B5DD2611DC8A4E200788BDA /* Info.plist */,
				6B5DD2501DC8A4E100788BDA /* Supporting Files */,
			);
			path = FitCloudDemo;
			sourceTree = "<group>";
		};
		6B5DD2501DC8A4E100788BDA /* Supporting Files */ = {
			isa = PBXGroup;
			children = (
				6B5DD2511DC8A4E100788BDA /* main.m */,
			);
			name = "Supporting Files";
			sourceTree = "<group>";
		};
		6B5DD2691DC8A4E200788BDA /* FitCloudDemoTests */ = {
			isa = PBXGroup;
			children = (
				6B5DD26A1DC8A4E200788BDA /* FitCloudDemoTests.m */,
				6B5DD26C1DC8A4E200788BDA /* Info.plist */,
			);
			path = FitCloudDemoTests;
			sourceTree = "<group>";
		};
		6B5DD2741DC8A4E200788BDA /* FitCloudDemoUITests */ = {
			isa = PBXGroup;
			children = (
				6B5DD2751DC8A4E200788BDA /* FitCloudDemoUITests.m */,
				6B5DD2771DC8A4E200788BDA /* Info.plist */,
			);
			path = FitCloudDemoUITests;
			sourceTree = "<group>";
		};
		6B5DD29F1DC8A95600788BDA /* Marco */ = {
			isa = PBXGroup;
			children = (
				6B5DD2A01DC8A95600788BDA /* Macro.h */,
			);
			path = Marco;
			sourceTree = "<group>";
		};
		6B5DD2A21DC8A95600788BDA /* Verdor */ = {
			isa = PBXGroup;
			children = (
			);
			path = Verdor;
			sourceTree = "<group>";
		};
		6B5DD2A51DC8A95600788BDA /* ViewControllers */ = {
			isa = PBXGroup;
			children = (
				6BF31A581ED98A60000454EB /* 设置 */,
				6B403C0F1ED978DA00246086 /* 数据 */,
				6BE746E71ED95D5F0085E16E /* 睡眠 */,
				6BE746E61ED95D580085E16E /* 运动 */,
				6BE746E51ED95D500085E16E /* 健康 */,
				6BE746D81ED95C6B0085E16E /* 首页 */,
				6BE746FB1ED95F360085E16E /* FCTabBarController.h */,
				6BE746FC1ED95F360085E16E /* FCTabBarController.m */,
			);
			path = ViewControllers;
			sourceTree = "<group>";
		};
		6B5DD2BA1DC8A97A00788BDA /* Category */ = {
			isa = PBXGroup;
			children = (
				6BE746D11ED955560085E16E /* HUD */,
				6B5DD2BD1DC8A97A00788BDA /* FitCloud+Category.h */,
				6B5DD2BE1DC8A97A00788BDA /* FitCloud+Category.m */,
			);
			path = Category;
			sourceTree = "<group>";
		};
		6BCF1C671DE57FC700B99A21 /* Manager */ = {
			isa = PBXGroup;
			children = (
				6BCF1C681DE57FD600B99A21 /* FitCloudManager.h */,
				6BCF1C691DE57FD600B99A21 /* FitCloudManager.m */,
				6BE746CD1ED941BC0085E16E /* FCConfigManager.h */,
				6BE746CE1ED941BC0085E16E /* FCConfigManager.m */,
			);
			path = Manager;
			sourceTree = "<group>";
		};
		6BE746D01ED954D40085E16E /* Model */ = {
			isa = PBXGroup;
			children = (
			);
			path = Model;
			sourceTree = "<group>";
		};
		6BE746D11ED955560085E16E /* HUD */ = {
			isa = PBXGroup;
			children = (
				6B5DD2C11DC8A97A00788BDA /* NSObject+HUD.h */,
				6B5DD2C21DC8A97A00788BDA /* NSObject+HUD.m */,
				6BE747071ED965A80085E16E /* MBProgressHUD+Category.h */,
				6BE747081ED965A80085E16E /* MBProgressHUD+Category.m */,
			);
			name = HUD;
			sourceTree = "<group>";
		};
		6BE746D21ED95A990085E16E /* Utils */ = {
			isa = PBXGroup;
			children = (
			);
			path = Utils;
			sourceTree = "<group>";
		};
		6BE746D31ED95AA90085E16E /* Define */ = {
			isa = PBXGroup;
			children = (
			);
			path = Define;
			sourceTree = "<group>";
		};
		6BE746D81ED95C6B0085E16E /* 首页 */ = {
			isa = PBXGroup;
			children = (
				6BE746DB1ED95C840085E16E /* Model */,
				6BE746DA1ED95C7E0085E16E /* View */,
				6BE746D91ED95C770085E16E /* ViewController */,
			);
			path = "首页";
			sourceTree = "<group>";
		};
		6BE746D91ED95C770085E16E /* ViewController */ = {
			isa = PBXGroup;
			children = (
				6BE746DC1ED95C8D0085E16E /* FCHomeViewController.h */,
				6BE746DD1ED95C8D0085E16E /* FCHomeViewController.m */,
			);
			path = ViewController;
			sourceTree = "<group>";
		};
		6BE746DA1ED95C7E0085E16E /* View */ = {
			isa = PBXGroup;
			children = (
			);
			path = View;
			sourceTree = "<group>";
		};
		6BE746DB1ED95C840085E16E /* Model */ = {
			isa = PBXGroup;
			children = (
			);
			path = Model;
			sourceTree = "<group>";
		};
		6BE746E51ED95D500085E16E /* 健康 */ = {
			isa = PBXGroup;
			children = (
				6BE746F61ED95DD80085E16E /* ViewController */,
				6BE746F51ED95DCF0085E16E /* Model */,
				6BE746F41ED95DC80085E16E /* View */,
			);
			path = "健康";
			sourceTree = "<group>";
		};
		6BE746E61ED95D580085E16E /* 运动 */ = {
			isa = PBXGroup;
			children = (
				6BE746ED1ED95DA60085E16E /* ViewController */,
				6BE746EC1ED95D9E0085E16E /* Model */,
				6BE746EB1ED95D830085E16E /* View */,
			);
			path = "运动";
			sourceTree = "<group>";
		};
		6BE746E71ED95D5F0085E16E /* 睡眠 */ = {
			isa = PBXGroup;
			children = (
				6BE746EA1ED95D7B0085E16E /* ViewController */,
				6BE746E91ED95D700085E16E /* Model */,
				6BE746E81ED95D690085E16E /* View */,
			);
			path = "睡眠";
			sourceTree = "<group>";
		};
		6BE746E81ED95D690085E16E /* View */ = {
			isa = PBXGroup;
			children = (
			);
			path = View;
			sourceTree = "<group>";
		};
		6BE746E91ED95D700085E16E /* Model */ = {
			isa = PBXGroup;
			children = (
			);
			path = Model;
			sourceTree = "<group>";
		};
		6BE746EA1ED95D7B0085E16E /* ViewController */ = {
			isa = PBXGroup;
			children = (
				6BE746F11ED95DBF0085E16E /* FCSleepViewController.h */,
				6BE746F21ED95DBF0085E16E /* FCSleepViewController.m */,
			);
			name = ViewController;
			path = View/ViewController;
			sourceTree = "<group>";
		};
		6BE746EB1ED95D830085E16E /* View */ = {
			isa = PBXGroup;
			children = (
			);
			path = View;
			sourceTree = "<group>";
		};
		6BE746EC1ED95D9E0085E16E /* Model */ = {
			isa = PBXGroup;
			children = (
			);
			path = Model;
			sourceTree = "<group>";
		};
		6BE746ED1ED95DA60085E16E /* ViewController */ = {
			isa = PBXGroup;
			children = (
				6BE746EE1ED95DB20085E16E /* FCSportsViewController.h */,
				6BE746EF1ED95DB20085E16E /* FCSportsViewController.m */,
			);
			path = ViewController;
			sourceTree = "<group>";
		};
		6BE746F41ED95DC80085E16E /* View */ = {
			isa = PBXGroup;
			children = (
			);
			path = View;
			sourceTree = "<group>";
		};
		6BE746F51ED95DCF0085E16E /* Model */ = {
			isa = PBXGroup;
			children = (
			);
			path = Model;
			sourceTree = "<group>";
		};
		6BE746F61ED95DD80085E16E /* ViewController */ = {
			isa = PBXGroup;
			children = (
				6BE746F71ED95DE40085E16E /* FCHealthViewController.h */,
				6BE746F81ED95DE40085E16E /* FCHealthViewController.m */,
			);
			path = ViewController;
			sourceTree = "<group>";
		};
		6BE746FA1ED95ECB0085E16E /* View */ = {
			isa = PBXGroup;
			children = (
			);
			path = View;
			sourceTree = "<group>";
		};
		6BF31A581ED98A60000454EB /* 设置 */ = {
			isa = PBXGroup;
			children = (
				6BF31A591ED98A60000454EB /* Model */,
				6BF31A5A1ED98A60000454EB /* View */,
				6BF31A5B1ED98A60000454EB /* ViewController */,
			);
			path = "设置";
			sourceTree = "<group>";
		};
		6BF31A591ED98A60000454EB /* Model */ = {
			isa = PBXGroup;
			children = (
			);
			path = Model;
			sourceTree = "<group>";
		};
		6BF31A5A1ED98A60000454EB /* View */ = {
			isa = PBXGroup;
			children = (
			);
			path = View;
			sourceTree = "<group>";
		};
		6BF31A5B1ED98A60000454EB /* ViewController */ = {
			isa = PBXGroup;
			children = (
				6BF31A5C1ED98A60000454EB /* FCSettingViewController.h */,
				6BF31A5D1ED98A60000454EB /* FCSettingViewController.m */,
			);
			path = ViewController;
			sourceTree = "<group>";
		};
		6BF7E0971DC8D2B40052073C /* Frameworks */ = {
			isa = PBXGroup;
			children = (
				6BFE92701DD4C02500685350 /* libFitCloud.a */,
				6BF7E0981DC8D2B40052073C /* libFitCloud.a */,
				D2577CFEC4DEBAB49E54AAD7 /* libPods-FitCloudDemo.a */,
			);
			name = Frameworks;
			sourceTree = "<group>";
		};
/* End PBXGroup section */

/* Begin PBXNativeTarget section */
		6B5DD24C1DC8A4E100788BDA /* FitCloudDemo */ = {
			isa = PBXNativeTarget;
			buildConfigurationList = 6B5DD27A1DC8A4E200788BDA /* Build configuration list for PBXNativeTarget "FitCloudDemo" */;
			buildPhases = (
				11B454BC1295FE5E3B489083 /* [CP] Check Pods Manifest.lock */,
				6B5DD2491DC8A4E100788BDA /* Sources */,
				6B5DD24A1DC8A4E100788BDA /* Frameworks */,
				6B5DD24B1DC8A4E100788BDA /* Resources */,
				152225C696AC6490387A8B09 /* [CP] Embed Pods Frameworks */,
				C772E80AC8AD288BA1DED416 /* [CP] Copy Pods Resources */,
			);
			buildRules = (
			);
			dependencies = (
			);
			name = FitCloudDemo;
			productName = FitCloudDemo;
			productReference = 6B5DD24D1DC8A4E100788BDA /* FitCloudDemo.app */;
			productType = "com.apple.product-type.application";
		};
		6B5DD2651DC8A4E200788BDA /* FitCloudDemoTests */ = {
			isa = PBXNativeTarget;
			buildConfigurationList = 6B5DD27D1DC8A4E200788BDA /* Build configuration list for PBXNativeTarget "FitCloudDemoTests" */;
			buildPhases = (
				6B5DD2621DC8A4E200788BDA /* Sources */,
				6B5DD2631DC8A4E200788BDA /* Frameworks */,
				6B5DD2641DC8A4E200788BDA /* Resources */,
			);
			buildRules = (
			);
			dependencies = (
				6B5DD2681DC8A4E200788BDA /* PBXTargetDependency */,
			);
			name = FitCloudDemoTests;
			productName = FitCloudDemoTests;
			productReference = 6B5DD2661DC8A4E200788BDA /* FitCloudDemoTests.xctest */;
			productType = "com.apple.product-type.bundle.unit-test";
		};
		6B5DD2701DC8A4E200788BDA /* FitCloudDemoUITests */ = {
			isa = PBXNativeTarget;
			buildConfigurationList = 6B5DD2801DC8A4E200788BDA /* Build configuration list for PBXNativeTarget "FitCloudDemoUITests" */;
			buildPhases = (
				6B5DD26D1DC8A4E200788BDA /* Sources */,
				6B5DD26E1DC8A4E200788BDA /* Frameworks */,
				6B5DD26F1DC8A4E200788BDA /* Resources */,
			);
			buildRules = (
			);
			dependencies = (
				6B5DD2731DC8A4E200788BDA /* PBXTargetDependency */,
			);
			name = FitCloudDemoUITests;
			productName = FitCloudDemoUITests;
			productReference = 6B5DD2711DC8A4E200788BDA /* FitCloudDemoUITests.xctest */;
			productType = "com.apple.product-type.bundle.ui-testing";
		};
/* End PBXNativeTarget section */

/* Begin PBXProject section */
		6B5DD2451DC8A4E100788BDA /* Project object */ = {
			isa = PBXProject;
			attributes = {
				LastUpgradeCheck = 0830;
				ORGANIZATIONNAME = "马远征";
				TargetAttributes = {
					6B5DD24C1DC8A4E100788BDA = {
						CreatedOnToolsVersion = 8.1;
						DevelopmentTeam = K4VY4M94L6;
						ProvisioningStyle = Automatic;
						SystemCapabilities = {
							com.apple.BackgroundModes = {
								enabled = 1;
							};
						};
					};
					6B5DD2651DC8A4E200788BDA = {
						CreatedOnToolsVersion = 8.1;
						DevelopmentTeam = K4VY4M94L6;
						ProvisioningStyle = Automatic;
						TestTargetID = 6B5DD24C1DC8A4E100788BDA;
					};
					6B5DD2701DC8A4E200788BDA = {
						CreatedOnToolsVersion = 8.1;
						DevelopmentTeam = K4VY4M94L6;
						ProvisioningStyle = Automatic;
						TestTargetID = 6B5DD24C1DC8A4E100788BDA;
					};
				};
			};
			buildConfigurationList = 6B5DD2481DC8A4E100788BDA /* Build configuration list for PBXProject "FitCloudDemo" */;
			compatibilityVersion = "Xcode 3.2";
			developmentRegion = English;
			hasScannedForEncodings = 0;
			knownRegions = (
				Base,
			);
			mainGroup = 6B5DD2441DC8A4E100788BDA;
			productRefGroup = 6B5DD24E1DC8A4E100788BDA /* Products */;
			projectDirPath = "";
			projectRoot = "";
			targets = (
				6B5DD24C1DC8A4E100788BDA /* FitCloudDemo */,
				6B5DD2651DC8A4E200788BDA /* FitCloudDemoTests */,
				6B5DD2701DC8A4E200788BDA /* FitCloudDemoUITests */,
			);
		};
/* End PBXProject section */

/* Begin PBXResourcesBuildPhase section */
		6B5DD24B1DC8A4E100788BDA /* Resources */ = {
			isa = PBXResourcesBuildPhase;
			buildActionMask = 2147483647;
			files = (
				6B5DD2601DC8A4E200788BDA /* LaunchScreen.storyboard in Resources */,
				6B5DD25D1DC8A4E200788BDA /* Assets.xcassets in Resources */,
				6B5DD25B1DC8A4E200788BDA /* Main.storyboard in Resources */,
			);
			runOnlyForDeploymentPostprocessing = 0;
		};
		6B5DD2641DC8A4E200788BDA /* Resources */ = {
			isa = PBXResourcesBuildPhase;
			buildActionMask = 2147483647;
			files = (
			);
			runOnlyForDeploymentPostprocessing = 0;
		};
		6B5DD26F1DC8A4E200788BDA /* Resources */ = {
			isa = PBXResourcesBuildPhase;
			buildActionMask = 2147483647;
			files = (
			);
			runOnlyForDeploymentPostprocessing = 0;
		};
/* End PBXResourcesBuildPhase section */

/* Begin PBXShellScriptBuildPhase section */
		11B454BC1295FE5E3B489083 /* [CP] Check Pods Manifest.lock */ = {
			isa = PBXShellScriptBuildPhase;
			buildActionMask = 2147483647;
			files = (
			);
			inputPaths = (
			);
			name = "[CP] Check Pods Manifest.lock";
			outputPaths = (
			);
			runOnlyForDeploymentPostprocessing = 0;
			shellPath = /bin/sh;
			shellScript = "diff \"${PODS_ROOT}/../Podfile.lock\" \"${PODS_ROOT}/Manifest.lock\" > /dev/null\nif [ $? != 0 ] ; then\n    # print error to STDERR\n    echo \"error: The sandbox is not in sync with the Podfile.lock. Run 'pod install' or update your CocoaPods installation.\" >&2\n    exit 1\nfi\n";
			showEnvVarsInLog = 0;
		};
		152225C696AC6490387A8B09 /* [CP] Embed Pods Frameworks */ = {
			isa = PBXShellScriptBuildPhase;
			buildActionMask = 2147483647;
			files = (
			);
			inputPaths = (
			);
			name = "[CP] Embed Pods Frameworks";
			outputPaths = (
			);
			runOnlyForDeploymentPostprocessing = 0;
			shellPath = /bin/sh;
			shellScript = "\"${SRCROOT}/Pods/Target Support Files/Pods-FitCloudDemo/Pods-FitCloudDemo-frameworks.sh\"\n";
			showEnvVarsInLog = 0;
		};
		C772E80AC8AD288BA1DED416 /* [CP] Copy Pods Resources */ = {
			isa = PBXShellScriptBuildPhase;
			buildActionMask = 2147483647;
			files = (
			);
			inputPaths = (
			);
			name = "[CP] Copy Pods Resources";
			outputPaths = (
			);
			runOnlyForDeploymentPostprocessing = 0;
			shellPath = /bin/sh;
			shellScript = "\"${SRCROOT}/Pods/Target Support Files/Pods-FitCloudDemo/Pods-FitCloudDemo-resources.sh\"\n";
			showEnvVarsInLog = 0;
		};
/* End PBXShellScriptBuildPhase section */

/* Begin PBXSourcesBuildPhase section */
		6B5DD2491DC8A4E100788BDA /* Sources */ = {
			isa = PBXSourcesBuildPhase;
			buildActionMask = 2147483647;
			files = (
				6B5DD2551DC8A4E200788BDA /* AppDelegate.m in Sources */,
				6BE747091ED965A80085E16E /* MBProgressHUD+Category.m in Sources */,
				6BE746FD1ED95F360085E16E /* FCTabBarController.m in Sources */,
				6BE746F91ED95DE40085E16E /* FCHealthViewController.m in Sources */,
				6BE746DE1ED95C8D0085E16E /* FCHomeViewController.m in Sources */,
				6B5DD2C61DC8A97A00788BDA /* NSObject+HUD.m in Sources */,
				6BE746F01ED95DB20085E16E /* FCSportsViewController.m in Sources */,
				6B5DD2C41DC8A97A00788BDA /* FitCloud+Category.m in Sources */,
				6BF31A5E1ED98A60000454EB /* FCSettingViewController.m in Sources */,
				6BE746F31ED95DBF0085E16E /* FCSleepViewController.m in Sources */,
				6B403C151ED9790800246086 /* FCSyncDataViewController.m in Sources */,
				6BCF1C6A1DE57FD600B99A21 /* FitCloudManager.m in Sources */,
				6BE746CF1ED941BC0085E16E /* FCConfigManager.m in Sources */,
				6B5DD2521DC8A4E100788BDA /* main.m in Sources */,
			);
			runOnlyForDeploymentPostprocessing = 0;
		};
		6B5DD2621DC8A4E200788BDA /* Sources */ = {
			isa = PBXSourcesBuildPhase;
			buildActionMask = 2147483647;
			files = (
				6B5DD26B1DC8A4E200788BDA /* FitCloudDemoTests.m in Sources */,
			);
			runOnlyForDeploymentPostprocessing = 0;
		};
		6B5DD26D1DC8A4E200788BDA /* Sources */ = {
			isa = PBXSourcesBuildPhase;
			buildActionMask = 2147483647;
			files = (
				6B5DD2761DC8A4E200788BDA /* FitCloudDemoUITests.m in Sources */,
			);
			runOnlyForDeploymentPostprocessing = 0;
		};
/* End PBXSourcesBuildPhase section */

/* Begin PBXTargetDependency section */
		6B5DD2681DC8A4E200788BDA /* PBXTargetDependency */ = {
			isa = PBXTargetDependency;
			target = 6B5DD24C1DC8A4E100788BDA /* FitCloudDemo */;
			targetProxy = 6B5DD2671DC8A4E200788BDA /* PBXContainerItemProxy */;
		};
		6B5DD2731DC8A4E200788BDA /* PBXTargetDependency */ = {
			isa = PBXTargetDependency;
			target = 6B5DD24C1DC8A4E100788BDA /* FitCloudDemo */;
			targetProxy = 6B5DD2721DC8A4E200788BDA /* PBXContainerItemProxy */;
		};
/* End PBXTargetDependency section */

/* Begin PBXVariantGroup section */
		6B5DD2591DC8A4E200788BDA /* Main.storyboard */ = {
			isa = PBXVariantGroup;
			children = (
				6B5DD25A1DC8A4E200788BDA /* Base */,
			);
			name = Main.storyboard;
			sourceTree = "<group>";
		};
		6B5DD25E1DC8A4E200788BDA /* LaunchScreen.storyboard */ = {
			isa = PBXVariantGroup;
			children = (
				6B5DD25F1DC8A4E200788BDA /* Base */,
			);
			name = LaunchScreen.storyboard;
			sourceTree = "<group>";
		};
/* End PBXVariantGroup section */

/* Begin XCBuildConfiguration section */
		6B5DD2781DC8A4E200788BDA /* Debug */ = {
			isa = XCBuildConfiguration;
			buildSettings = {
				ALWAYS_SEARCH_USER_PATHS = NO;
				CLANG_ANALYZER_LOCALIZABILITY_NONLOCALIZED = YES;
				CLANG_ANALYZER_NONNULL = YES;
				CLANG_CXX_LANGUAGE_STANDARD = "gnu++0x";
				CLANG_CXX_LIBRARY = "libc++";
				CLANG_ENABLE_MODULES = YES;
				CLANG_ENABLE_OBJC_ARC = YES;
				CLANG_WARN_BOOL_CONVERSION = YES;
				CLANG_WARN_CONSTANT_CONVERSION = YES;
				CLANG_WARN_DIRECT_OBJC_ISA_USAGE = YES_ERROR;
				CLANG_WARN_DOCUMENTATION_COMMENTS = YES;
				CLANG_WARN_EMPTY_BODY = YES;
				CLANG_WARN_ENUM_CONVERSION = YES;
				CLANG_WARN_INFINITE_RECURSION = YES;
				CLANG_WARN_INT_CONVERSION = YES;
				CLANG_WARN_OBJC_ROOT_CLASS = YES_ERROR;
				CLANG_WARN_SUSPICIOUS_MOVE = YES;
				CLANG_WARN_SUSPICIOUS_MOVES = YES;
				CLANG_WARN_UNREACHABLE_CODE = YES;
				CLANG_WARN__DUPLICATE_METHOD_MATCH = YES;
				"CODE_SIGN_IDENTITY[sdk=iphoneos*]" = "iPhone Developer";
				COPY_PHASE_STRIP = NO;
				DEBUG_INFORMATION_FORMAT = dwarf;
				ENABLE_STRICT_OBJC_MSGSEND = YES;
				ENABLE_TESTABILITY = YES;
				GCC_C_LANGUAGE_STANDARD = gnu99;
				GCC_DYNAMIC_NO_PIC = NO;
				GCC_NO_COMMON_BLOCKS = YES;
				GCC_OPTIMIZATION_LEVEL = 0;
				GCC_PREPROCESSOR_DEFINITIONS = (
					"DEBUG=1",
					"$(inherited)",
				);
				GCC_WARN_64_TO_32_BIT_CONVERSION = YES;
				GCC_WARN_ABOUT_RETURN_TYPE = YES_ERROR;
				GCC_WARN_UNDECLARED_SELECTOR = YES;
				GCC_WARN_UNINITIALIZED_AUTOS = YES_AGGRESSIVE;
				GCC_WARN_UNUSED_FUNCTION = YES;
				GCC_WARN_UNUSED_VARIABLE = YES;
				IPHONEOS_DEPLOYMENT_TARGET = 8.0;
				MTL_ENABLE_DEBUG_INFO = YES;
				ONLY_ACTIVE_ARCH = YES;
				SDKROOT = iphoneos;
				TARGETED_DEVICE_FAMILY = "1,2";
			};
			name = Debug;
		};
		6B5DD2791DC8A4E200788BDA /* Release */ = {
			isa = XCBuildConfiguration;
			buildSettings = {
				ALWAYS_SEARCH_USER_PATHS = NO;
				CLANG_ANALYZER_LOCALIZABILITY_NONLOCALIZED = YES;
				CLANG_ANALYZER_NONNULL = YES;
				CLANG_CXX_LANGUAGE_STANDARD = "gnu++0x";
				CLANG_CXX_LIBRARY = "libc++";
				CLANG_ENABLE_MODULES = YES;
				CLANG_ENABLE_OBJC_ARC = YES;
				CLANG_WARN_BOOL_CONVERSION = YES;
				CLANG_WARN_CONSTANT_CONVERSION = YES;
				CLANG_WARN_DIRECT_OBJC_ISA_USAGE = YES_ERROR;
				CLANG_WARN_DOCUMENTATION_COMMENTS = YES;
				CLANG_WARN_EMPTY_BODY = YES;
				CLANG_WARN_ENUM_CONVERSION = YES;
				CLANG_WARN_INFINITE_RECURSION = YES;
				CLANG_WARN_INT_CONVERSION = YES;
				CLANG_WARN_OBJC_ROOT_CLASS = YES_ERROR;
				CLANG_WARN_SUSPICIOUS_MOVE = YES;
				CLANG_WARN_SUSPICIOUS_MOVES = YES;
				CLANG_WARN_UNREACHABLE_CODE = YES;
				CLANG_WARN__DUPLICATE_METHOD_MATCH = YES;
				"CODE_SIGN_IDENTITY[sdk=iphoneos*]" = "iPhone Developer";
				COPY_PHASE_STRIP = NO;
				DEBUG_INFORMATION_FORMAT = "dwarf-with-dsym";
				ENABLE_NS_ASSERTIONS = NO;
				ENABLE_STRICT_OBJC_MSGSEND = YES;
				GCC_C_LANGUAGE_STANDARD = gnu99;
				GCC_NO_COMMON_BLOCKS = YES;
				GCC_WARN_64_TO_32_BIT_CONVERSION = YES;
				GCC_WARN_ABOUT_RETURN_TYPE = YES_ERROR;
				GCC_WARN_UNDECLARED_SELECTOR = YES;
				GCC_WARN_UNINITIALIZED_AUTOS = YES_AGGRESSIVE;
				GCC_WARN_UNUSED_FUNCTION = YES;
				GCC_WARN_UNUSED_VARIABLE = YES;
				IPHONEOS_DEPLOYMENT_TARGET = 8.0;
				MTL_ENABLE_DEBUG_INFO = NO;
				SDKROOT = iphoneos;
				TARGETED_DEVICE_FAMILY = "1,2";
				VALIDATE_PRODUCT = YES;
			};
			name = Release;
		};
		6B5DD27B1DC8A4E200788BDA /* Debug */ = {
			isa = XCBuildConfiguration;
			baseConfigurationReference = BB9C57499BC2C6CBFCEF3A1A /* Pods-FitCloudDemo.debug.xcconfig */;
			buildSettings = {
				ASSETCATALOG_COMPILER_APPICON_NAME = AppIcon;
				DEVELOPMENT_TEAM = K4VY4M94L6;
				HEADER_SEARCH_PATHS = (
					"$(SRCROOT)/lib/include",
					"$(inherited)",
				);
				INFOPLIST_FILE = FitCloudDemo/Info.plist;
				IPHONEOS_DEPLOYMENT_TARGET = 8.0;
				LD_RUNPATH_SEARCH_PATHS = "$(inherited) @executable_path/Frameworks";
				LIBRARY_SEARCH_PATHS = (
					"$(PROJECT_DIR)/lib",
					"$(inherited)",
				);
				OTHER_LDFLAGS = "$(inherited)";
				PRODUCT_BUNDLE_IDENTIFIER = com.topstep.FitCloudDemo;
				PRODUCT_NAME = "$(TARGET_NAME)";
			};
			name = Debug;
		};
		6B5DD27C1DC8A4E200788BDA /* Release */ = {
			isa = XCBuildConfiguration;
			baseConfigurationReference = 4F3EEE29CDF0B6E4519D5170 /* Pods-FitCloudDemo.release.xcconfig */;
			buildSettings = {
				ASSETCATALOG_COMPILER_APPICON_NAME = AppIcon;
				DEVELOPMENT_TEAM = K4VY4M94L6;
				HEADER_SEARCH_PATHS = (
					"$(SRCROOT)/lib/include",
					"$(inherited)",
				);
				INFOPLIST_FILE = FitCloudDemo/Info.plist;
				IPHONEOS_DEPLOYMENT_TARGET = 8.0;
				LD_RUNPATH_SEARCH_PATHS = "$(inherited) @executable_path/Frameworks";
				LIBRARY_SEARCH_PATHS = (
					"$(PROJECT_DIR)/lib",
					"$(inherited)",
				);
				OTHER_LDFLAGS = "$(inherited)";
				PRODUCT_BUNDLE_IDENTIFIER = com.topstep.FitCloudDemo;
				PRODUCT_NAME = "$(TARGET_NAME)";
			};
			name = Release;
		};
		6B5DD27E1DC8A4E200788BDA /* Debug */ = {
			isa = XCBuildConfiguration;
			buildSettings = {
				BUNDLE_LOADER = "$(TEST_HOST)";
				DEVELOPMENT_TEAM = K4VY4M94L6;
				INFOPLIST_FILE = FitCloudDemoTests/Info.plist;
				LD_RUNPATH_SEARCH_PATHS = "$(inherited) @executable_path/Frameworks @loader_path/Frameworks";
				PRODUCT_BUNDLE_IDENTIFIER = com.topstep.FitCloudDemoTests;
				PRODUCT_NAME = "$(TARGET_NAME)";
				TEST_HOST = "$(BUILT_PRODUCTS_DIR)/FitCloudDemo.app/FitCloudDemo";
			};
			name = Debug;
		};
		6B5DD27F1DC8A4E200788BDA /* Release */ = {
			isa = XCBuildConfiguration;
			buildSettings = {
				BUNDLE_LOADER = "$(TEST_HOST)";
				DEVELOPMENT_TEAM = K4VY4M94L6;
				INFOPLIST_FILE = FitCloudDemoTests/Info.plist;
				LD_RUNPATH_SEARCH_PATHS = "$(inherited) @executable_path/Frameworks @loader_path/Frameworks";
				PRODUCT_BUNDLE_IDENTIFIER = com.topstep.FitCloudDemoTests;
				PRODUCT_NAME = "$(TARGET_NAME)";
				TEST_HOST = "$(BUILT_PRODUCTS_DIR)/FitCloudDemo.app/FitCloudDemo";
			};
			name = Release;
		};
		6B5DD2811DC8A4E200788BDA /* Debug */ = {
			isa = XCBuildConfiguration;
			buildSettings = {
				DEVELOPMENT_TEAM = K4VY4M94L6;
				INFOPLIST_FILE = FitCloudDemoUITests/Info.plist;
				LD_RUNPATH_SEARCH_PATHS = "$(inherited) @executable_path/Frameworks @loader_path/Frameworks";
				PRODUCT_BUNDLE_IDENTIFIER = com.topstep.FitCloudDemoUITests;
				PRODUCT_NAME = "$(TARGET_NAME)";
				TEST_TARGET_NAME = FitCloudDemo;
			};
			name = Debug;
		};
		6B5DD2821DC8A4E200788BDA /* Release */ = {
			isa = XCBuildConfiguration;
			buildSettings = {
				DEVELOPMENT_TEAM = K4VY4M94L6;
				INFOPLIST_FILE = FitCloudDemoUITests/Info.plist;
				LD_RUNPATH_SEARCH_PATHS = "$(inherited) @executable_path/Frameworks @loader_path/Frameworks";
				PRODUCT_BUNDLE_IDENTIFIER = com.topstep.FitCloudDemoUITests;
				PRODUCT_NAME = "$(TARGET_NAME)";
				TEST_TARGET_NAME = FitCloudDemo;
			};
			name = Release;
		};
/* End XCBuildConfiguration section */

/* Begin XCConfigurationList section */
		6B5DD2481DC8A4E100788BDA /* Build configuration list for PBXProject "FitCloudDemo" */ = {
			isa = XCConfigurationList;
			buildConfigurations = (
				6B5DD2781DC8A4E200788BDA /* Debug */,
				6B5DD2791DC8A4E200788BDA /* Release */,
			);
			defaultConfigurationIsVisible = 0;
			defaultConfigurationName = Release;
		};
		6B5DD27A1DC8A4E200788BDA /* Build configuration list for PBXNativeTarget "FitCloudDemo" */ = {
			isa = XCConfigurationList;
			buildConfigurations = (
				6B5DD27B1DC8A4E200788BDA /* Debug */,
				6B5DD27C1DC8A4E200788BDA /* Release */,
			);
			defaultConfigurationIsVisible = 0;
			defaultConfigurationName = Release;
		};
		6B5DD27D1DC8A4E200788BDA /* Build configuration list for PBXNativeTarget "FitCloudDemoTests" */ = {
			isa = XCConfigurationList;
			buildConfigurations = (
				6B5DD27E1DC8A4E200788BDA /* Debug */,
				6B5DD27F1DC8A4E200788BDA /* Release */,
			);
			defaultConfigurationIsVisible = 0;
			defaultConfigurationName = Release;
		};
		6B5DD2801DC8A4E200788BDA /* Build configuration list for PBXNativeTarget "FitCloudDemoUITests" */ = {
			isa = XCConfigurationList;
			buildConfigurations = (
				6B5DD2811DC8A4E200788BDA /* Debug */,
				6B5DD2821DC8A4E200788BDA /* Release */,
			);
			defaultConfigurationIsVisible = 0;
			defaultConfigurationName = Release;
		};
/* End XCConfigurationList section */
	};
	rootObject = 6B5DD2451DC8A4E100788BDA /* Project object */;
}
