// !$*UTF8*$!
{
	archiveVersion = 1;
	classes = {
	};
	objectVersion = 46;
	objects = {

/* Begin PBXAggregateTarget section */
		6B224B341F35F3E0009C0057 /* AppleDoc */ = {
			isa = PBXAggregateTarget;
			buildConfigurationList = 6B224B351F35F3E0009C0057 /* Build configuration list for PBXAggregateTarget "AppleDoc" */;
			buildPhases = (
				6B224B381F35F3EF009C0057 /* ShellScript */,
			);
			dependencies = (
			);
			name = AppleDoc;
			productName = AppleDoc;
		};
/* End PBXAggregateTarget section */

/* Begin PBXBuildFile section */
		6B224B0F1F35F386009C0057 /* FitCloud.m in Sources */ = {isa = PBXBuildFile; fileRef = 6B224B0E1F35F386009C0057 /* FitCloud.m */; };
		6B224B101F35F386009C0057 /* FitCloud.h in CopyFiles */ = {isa = PBXBuildFile; fileRef = 6B224B0D1F35F386009C0057 /* FitCloud.h */; };
		6B224B2E1F35F3B8009C0057 /* FCConstants.m in Sources */ = {isa = PBXBuildFile; fileRef = 6B224B1E1F35F3B8009C0057 /* FCConstants.m */; };
		6B224B2F1F35F3B8009C0057 /* FCObject.m in Sources */ = {isa = PBXBuildFile; fileRef = 6B224B221F35F3B8009C0057 /* FCObject.m */; };
		6B224B301F35F3B8009C0057 /* FCOTAService.m in Sources */ = {isa = PBXBuildFile; fileRef = 6B224B241F35F3B8009C0057 /* FCOTAService.m */; };
		6B224B311F35F3B8009C0057 /* FitCloudUtils.m in Sources */ = {isa = PBXBuildFile; fileRef = 6B224B291F35F3B8009C0057 /* FitCloudUtils.m */; };
		6B224B321F35F3B8009C0057 /* NSDate+FitCloud.m in Sources */ = {isa = PBXBuildFile; fileRef = 6B224B2B1F35F3B8009C0057 /* NSDate+FitCloud.m */; };
		6B224B331F35F3B8009C0057 /* NSMutableDictionary+FCCategory.m in Sources */ = {isa = PBXBuildFile; fileRef = 6B224B2D1F35F3B8009C0057 /* NSMutableDictionary+FCCategory.m */; };
		6B224B391F35F474009C0057 /* FCConstants.h in CopyFiles */ = {isa = PBXBuildFile; fileRef = 6B224B1D1F35F3B8009C0057 /* FCConstants.h */; };
		6B224B3A1F35F474009C0057 /* FCDefine.h in CopyFiles */ = {isa = PBXBuildFile; fileRef = 6B224B1F1F35F3B8009C0057 /* FCDefine.h */; };
		6B224B3B1F35F474009C0057 /* FCObject.h in CopyFiles */ = {isa = PBXBuildFile; fileRef = 6B224B211F35F3B8009C0057 /* FCObject.h */; };
		6B224B3C1F35F474009C0057 /* FitCloudKit.h in CopyFiles */ = {isa = PBXBuildFile; fileRef = 6B224B271F35F3B8009C0057 /* FitCloudKit.h */; };
		6B224B3D1F35F474009C0057 /* FitCloudUtils.h in CopyFiles */ = {isa = PBXBuildFile; fileRef = 6B224B281F35F3B8009C0057 /* FitCloudUtils.h */; };
		6B224B3E1F35F47F009C0057 /* FitCloudBlock.h in CopyFiles */ = {isa = PBXBuildFile; fileRef = 6B224B261F35F3B8009C0057 /* FitCloudBlock.h */; };
		6B224B5E1F362B99009C0057 /* FCSysConfigUtils.m in Sources */ = {isa = PBXBuildFile; fileRef = 6B224B5D1F362B99009C0057 /* FCSysConfigUtils.m */; };
		6B8D7FCD1F41DDA20074F6D6 /* FCSyncUtils.h in CopyFiles */ = {isa = PBXBuildFile; fileRef = 6B95C4C81F3AF82F00803964 /* FCSyncUtils.h */; };
		6B95C4C11F3AF45E00803964 /* FitCloudAPI.m in Sources */ = {isa = PBXBuildFile; fileRef = 6B95C4C01F3AF45E00803964 /* FitCloudAPI.m */; };
		6B95C4C41F3AF63300803964 /* FCRTSyncUtils.m in Sources */ = {isa = PBXBuildFile; fileRef = 6B95C4C31F3AF63300803964 /* FCRTSyncUtils.m */; };
		6B95C4C51F3AF7C900803964 /* FCSysConfigUtils.h in CopyFiles */ = {isa = PBXBuildFile; fileRef = 6B224B5C1F362B99009C0057 /* FCSysConfigUtils.h */; };
		6B95C4C61F3AF7C900803964 /* FCRTSyncUtils.h in CopyFiles */ = {isa = PBXBuildFile; fileRef = 6B95C4C21F3AF63300803964 /* FCRTSyncUtils.h */; };
		6B95C4C71F3AF7C900803964 /* FitCloudAPI.h in CopyFiles */ = {isa = PBXBuildFile; fileRef = 6B95C4BF1F3AF45E00803964 /* FitCloudAPI.h */; };
		6B95C4CA1F3AF82F00803964 /* FCSyncUtils.m in Sources */ = {isa = PBXBuildFile; fileRef = 6B95C4C91F3AF82F00803964 /* FCSyncUtils.m */; };
/* End PBXBuildFile section */

/* Begin PBXCopyFilesBuildPhase section */
		6B224B081F35F386009C0057 /* CopyFiles */ = {
			isa = PBXCopyFilesBuildPhase;
			buildActionMask = 2147483647;
			dstPath = include;
			dstSubfolderSpec = 16;
			files = (
				6B8D7FCD1F41DDA20074F6D6 /* FCSyncUtils.h in CopyFiles */,
				6B95C4C51F3AF7C900803964 /* FCSysConfigUtils.h in CopyFiles */,
				6B95C4C61F3AF7C900803964 /* FCRTSyncUtils.h in CopyFiles */,
				6B95C4C71F3AF7C900803964 /* FitCloudAPI.h in CopyFiles */,
				6B224B3E1F35F47F009C0057 /* FitCloudBlock.h in CopyFiles */,
				6B224B391F35F474009C0057 /* FCConstants.h in CopyFiles */,
				6B224B3A1F35F474009C0057 /* FCDefine.h in CopyFiles */,
				6B224B3B1F35F474009C0057 /* FCObject.h in CopyFiles */,
				6B224B3C1F35F474009C0057 /* FitCloudKit.h in CopyFiles */,
				6B224B3D1F35F474009C0057 /* FitCloudUtils.h in CopyFiles */,
				6B224B101F35F386009C0057 /* FitCloud.h in CopyFiles */,
			);
			runOnlyForDeploymentPostprocessing = 0;
		};
/* End PBXCopyFilesBuildPhase section */

/* Begin PBXFileReference section */
		6B224B0A1F35F386009C0057 /* libFitCloud.a */ = {isa = PBXFileReference; explicitFileType = archive.ar; includeInIndex = 0; path = libFitCloud.a; sourceTree = BUILT_PRODUCTS_DIR; };
		6B224B0D1F35F386009C0057 /* FitCloud.h */ = {isa = PBXFileReference; lastKnownFileType = sourcecode.c.h; path = FitCloud.h; sourceTree = "<group>"; };
		6B224B0E1F35F386009C0057 /* FitCloud.m */ = {isa = PBXFileReference; lastKnownFileType = sourcecode.c.objc; path = FitCloud.m; sourceTree = "<group>"; };
		6B224B1C1F35F3B8009C0057 /* DFUDef.h */ = {isa = PBXFileReference; fileEncoding = 4; lastKnownFileType = sourcecode.c.h; path = DFUDef.h; sourceTree = "<group>"; };
		6B224B1D1F35F3B8009C0057 /* FCConstants.h */ = {isa = PBXFileReference; fileEncoding = 4; lastKnownFileType = sourcecode.c.h; path = FCConstants.h; sourceTree = "<group>"; };
		6B224B1E1F35F3B8009C0057 /* FCConstants.m */ = {isa = PBXFileReference; fileEncoding = 4; lastKnownFileType = sourcecode.c.objc; path = FCConstants.m; sourceTree = "<group>"; };
		6B224B1F1F35F3B8009C0057 /* FCDefine.h */ = {isa = PBXFileReference; fileEncoding = 4; lastKnownFileType = sourcecode.c.h; path = FCDefine.h; sourceTree = "<group>"; };
		6B224B201F35F3B8009C0057 /* FCGlobalDef.h */ = {isa = PBXFileReference; fileEncoding = 4; lastKnownFileType = sourcecode.c.h; path = FCGlobalDef.h; sourceTree = "<group>"; };
		6B224B211F35F3B8009C0057 /* FCObject.h */ = {isa = PBXFileReference; fileEncoding = 4; lastKnownFileType = sourcecode.c.h; path = FCObject.h; sourceTree = "<group>"; };
		6B224B221F35F3B8009C0057 /* FCObject.m */ = {isa = PBXFileReference; fileEncoding = 4; lastKnownFileType = sourcecode.c.objc; path = FCObject.m; sourceTree = "<group>"; };
		6B224B231F35F3B8009C0057 /* FCOTAService.h */ = {isa = PBXFileReference; fileEncoding = 4; lastKnownFileType = sourcecode.c.h; path = FCOTAService.h; sourceTree = "<group>"; };
		6B224B241F35F3B8009C0057 /* FCOTAService.m */ = {isa = PBXFileReference; fileEncoding = 4; lastKnownFileType = sourcecode.c.objc; path = FCOTAService.m; sourceTree = "<group>"; };
		6B224B251F35F3B8009C0057 /* FCProtocol.h */ = {isa = PBXFileReference; fileEncoding = 4; lastKnownFileType = sourcecode.c.h; path = FCProtocol.h; sourceTree = "<group>"; };
		6B224B261F35F3B8009C0057 /* FitCloudBlock.h */ = {isa = PBXFileReference; fileEncoding = 4; lastKnownFileType = sourcecode.c.h; path = FitCloudBlock.h; sourceTree = "<group>"; };
		6B224B271F35F3B8009C0057 /* FitCloudKit.h */ = {isa = PBXFileReference; fileEncoding = 4; lastKnownFileType = sourcecode.c.h; path = FitCloudKit.h; sourceTree = "<group>"; };
		6B224B281F35F3B8009C0057 /* FitCloudUtils.h */ = {isa = PBXFileReference; fileEncoding = 4; lastKnownFileType = sourcecode.c.h; path = FitCloudUtils.h; sourceTree = "<group>"; };
		6B224B291F35F3B8009C0057 /* FitCloudUtils.m */ = {isa = PBXFileReference; fileEncoding = 4; lastKnownFileType = sourcecode.c.objc; path = FitCloudUtils.m; sourceTree = "<group>"; };
		6B224B2A1F35F3B8009C0057 /* NSDate+FitCloud.h */ = {isa = PBXFileReference; fileEncoding = 4; lastKnownFileType = sourcecode.c.h; path = "NSDate+FitCloud.h"; sourceTree = "<group>"; };
		6B224B2B1F35F3B8009C0057 /* NSDate+FitCloud.m */ = {isa = PBXFileReference; fileEncoding = 4; lastKnownFileType = sourcecode.c.objc; path = "NSDate+FitCloud.m"; sourceTree = "<group>"; };
		6B224B2C1F35F3B8009C0057 /* NSMutableDictionary+FCCategory.h */ = {isa = PBXFileReference; fileEncoding = 4; lastKnownFileType = sourcecode.c.h; path = "NSMutableDictionary+FCCategory.h"; sourceTree = "<group>"; };
		6B224B2D1F35F3B8009C0057 /* NSMutableDictionary+FCCategory.m */ = {isa = PBXFileReference; fileEncoding = 4; lastKnownFileType = sourcecode.c.objc; path = "NSMutableDictionary+FCCategory.m"; sourceTree = "<group>"; };
		6B224B5C1F362B99009C0057 /* FCSysConfigUtils.h */ = {isa = PBXFileReference; fileEncoding = 4; lastKnownFileType = sourcecode.c.h; path = FCSysConfigUtils.h; sourceTree = "<group>"; };
		6B224B5D1F362B99009C0057 /* FCSysConfigUtils.m */ = {isa = PBXFileReference; fileEncoding = 4; lastKnownFileType = sourcecode.c.objc; path = FCSysConfigUtils.m; sourceTree = "<group>"; };
		6B95C4BF1F3AF45E00803964 /* FitCloudAPI.h */ = {isa = PBXFileReference; fileEncoding = 4; lastKnownFileType = sourcecode.c.h; path = FitCloudAPI.h; sourceTree = "<group>"; };
		6B95C4C01F3AF45E00803964 /* FitCloudAPI.m */ = {isa = PBXFileReference; fileEncoding = 4; lastKnownFileType = sourcecode.c.objc; path = FitCloudAPI.m; sourceTree = "<group>"; };
		6B95C4C21F3AF63300803964 /* FCRTSyncUtils.h */ = {isa = PBXFileReference; fileEncoding = 4; lastKnownFileType = sourcecode.c.h; path = FCRTSyncUtils.h; sourceTree = "<group>"; };
		6B95C4C31F3AF63300803964 /* FCRTSyncUtils.m */ = {isa = PBXFileReference; fileEncoding = 4; lastKnownFileType = sourcecode.c.objc; path = FCRTSyncUtils.m; sourceTree = "<group>"; };
		6B95C4C81F3AF82F00803964 /* FCSyncUtils.h */ = {isa = PBXFileReference; fileEncoding = 4; lastKnownFileType = sourcecode.c.h; path = FCSyncUtils.h; sourceTree = "<group>"; };
		6B95C4C91F3AF82F00803964 /* FCSyncUtils.m */ = {isa = PBXFileReference; fileEncoding = 4; lastKnownFileType = sourcecode.c.objc; path = FCSyncUtils.m; sourceTree = "<group>"; };
/* End PBXFileReference section */

/* Begin PBXFrameworksBuildPhase section */
		6B224B071F35F386009C0057 /* Frameworks */ = {
			isa = PBXFrameworksBuildPhase;
			buildActionMask = 2147483647;
			files = (
			);
			runOnlyForDeploymentPostprocessing = 0;
		};
/* End PBXFrameworksBuildPhase section */

/* Begin PBXGroup section */
		6B224B011F35F386009C0057 = {
			isa = PBXGroup;
			children = (
				6B224B0C1F35F386009C0057 /* FitCloud */,
				6B224B0B1F35F386009C0057 /* Products */,
			);
			sourceTree = "<group>";
		};
		6B224B0B1F35F386009C0057 /* Products */ = {
			isa = PBXGroup;
			children = (
				6B224B0A1F35F386009C0057 /* libFitCloud.a */,
			);
			name = Products;
			sourceTree = "<group>";
		};
		6B224B0C1F35F386009C0057 /* FitCloud */ = {
			isa = PBXGroup;
			children = (
				6B224B1C1F35F3B8009C0057 /* DFUDef.h */,
				6B224B1D1F35F3B8009C0057 /* FCConstants.h */,
				6B224B1E1F35F3B8009C0057 /* FCConstants.m */,
				6B224B2C1F35F3B8009C0057 /* NSMutableDictionary+FCCategory.h */,
				6B224B2D1F35F3B8009C0057 /* NSMutableDictionary+FCCategory.m */,
				6B224B2A1F35F3B8009C0057 /* NSDate+FitCloud.h */,
				6B224B2B1F35F3B8009C0057 /* NSDate+FitCloud.m */,
				6B224B1F1F35F3B8009C0057 /* FCDefine.h */,
				6B224B201F35F3B8009C0057 /* FCGlobalDef.h */,
				6B224B211F35F3B8009C0057 /* FCObject.h */,
				6B224B221F35F3B8009C0057 /* FCObject.m */,
				6B224B231F35F3B8009C0057 /* FCOTAService.h */,
				6B224B241F35F3B8009C0057 /* FCOTAService.m */,
				6B224B251F35F3B8009C0057 /* FCProtocol.h */,
				6B224B261F35F3B8009C0057 /* FitCloudBlock.h */,
				6B224B271F35F3B8009C0057 /* FitCloudKit.h */,
				6B224B281F35F3B8009C0057 /* FitCloudUtils.h */,
				6B224B291F35F3B8009C0057 /* FitCloudUtils.m */,
				6B224B5C1F362B99009C0057 /* FCSysConfigUtils.h */,
				6B224B5D1F362B99009C0057 /* FCSysConfigUtils.m */,
				6B95C4C21F3AF63300803964 /* FCRTSyncUtils.h */,
				6B95C4C31F3AF63300803964 /* FCRTSyncUtils.m */,
				6B95C4C81F3AF82F00803964 /* FCSyncUtils.h */,
				6B95C4C91F3AF82F00803964 /* FCSyncUtils.m */,
				6B95C4BF1F3AF45E00803964 /* FitCloudAPI.h */,
				6B95C4C01F3AF45E00803964 /* FitCloudAPI.m */,
				6B224B0D1F35F386009C0057 /* FitCloud.h */,
				6B224B0E1F35F386009C0057 /* FitCloud.m */,
			);
			path = FitCloud;
			sourceTree = "<group>";
		};
/* End PBXGroup section */

/* Begin PBXNativeTarget section */
		6B224B091F35F386009C0057 /* FitCloud */ = {
			isa = PBXNativeTarget;
			buildConfigurationList = 6B224B131F35F386009C0057 /* Build configuration list for PBXNativeTarget "FitCloud" */;
			buildPhases = (
				6B224B061F35F386009C0057 /* Sources */,
				6B224B071F35F386009C0057 /* Frameworks */,
				6B224B081F35F386009C0057 /* CopyFiles */,
			);
			buildRules = (
			);
			dependencies = (
			);
			name = FitCloud;
			productName = FitCloud;
			productReference = 6B224B0A1F35F386009C0057 /* libFitCloud.a */;
			productType = "com.apple.product-type.library.static";
		};
/* End PBXNativeTarget section */

/* Begin PBXProject section */
		6B224B021F35F386009C0057 /* Project object */ = {
			isa = PBXProject;
			attributes = {
				LastUpgradeCheck = 0830;
				ORGANIZATIONNAME = "马远征";
				TargetAttributes = {
					6B224B091F35F386009C0057 = {
						CreatedOnToolsVersion = 8.3.3;
						DevelopmentTeam = K4VY4M94L6;
						ProvisioningStyle = Automatic;
					};
					6B224B341F35F3E0009C0057 = {
						CreatedOnToolsVersion = 8.3.3;
						DevelopmentTeam = K4VY4M94L6;
						ProvisioningStyle = Automatic;
					};
				};
			};
			buildConfigurationList = 6B224B051F35F386009C0057 /* Build configuration list for PBXProject "FitCloud" */;
			compatibilityVersion = "Xcode 3.2";
			developmentRegion = English;
			hasScannedForEncodings = 0;
			knownRegions = (
				en,
			);
			mainGroup = 6B224B011F35F386009C0057;
			productRefGroup = 6B224B0B1F35F386009C0057 /* Products */;
			projectDirPath = "";
			projectRoot = "";
			targets = (
				6B224B091F35F386009C0057 /* FitCloud */,
				6B224B341F35F3E0009C0057 /* AppleDoc */,
			);
		};
/* End PBXProject section */

/* Begin PBXShellScriptBuildPhase section */
		6B224B381F35F3EF009C0057 /* ShellScript */ = {
			isa = PBXShellScriptBuildPhase;
			buildActionMask = 2147483647;
			files = (
			);
			inputPaths = (
			);
			outputPaths = (
			);
			runOnlyForDeploymentPostprocessing = 0;
			shellPath = /bin/sh;
			shellScript = "#appledoc Xcode script\n# Start constants\ncompany=\"H.Tang\";\ncompanyID=\"com.topstep\";\ncompanyURL=\"http://www.hetangsmart.com/\";\n#target=\"macosx\";\noutputPath=\"~/Desktop/FitCloud/和唐手表/FitCloud/AppleDoc\";\n# End constants\n/usr/local/bin/appledoc \\\n--project-name \"${PROJECT_NAME}\" \\\n--project-company \"${company}\" \\\n--company-id \"${companyID}\" \\\n--docset-atom-filename \"${company}.atom\" \\\n--docset-feed-url \"${companyURL}/${company}/%DOCSETATOMFILENAME\" \\\n--docset-package-url \"${companyURL}/${company}/%DOCSETPACKAGEFILENAME\" \\\n--docset-fallback-url \"${companyURL}/${company}\" \\\n--output \"${outputPath}\" \\\n--publish-docset \\\n--create-html \\\n--logformat xcode \\\n--keep-intermediate-files \\\n--no-repeat-first-par \\\n--no-warn-invalid-crossref \\\n--ignore \"*.m\" \\\n--ignore \"FCProtocol.h\" \\\n--ignore \"DFUDef.h\" \\\n--ignore \"FCOTAUpgrade.h\" \\\n--exit-threshold 2 \\\n\"${PROJECT_DIR}\"";
		};
/* End PBXShellScriptBuildPhase section */

/* Begin PBXSourcesBuildPhase section */
		6B224B061F35F386009C0057 /* Sources */ = {
			isa = PBXSourcesBuildPhase;
			buildActionMask = 2147483647;
			files = (
				6B224B321F35F3B8009C0057 /* NSDate+FitCloud.m in Sources */,
				6B224B2E1F35F3B8009C0057 /* FCConstants.m in Sources */,
				6B224B2F1F35F3B8009C0057 /* FCObject.m in Sources */,
				6B224B0F1F35F386009C0057 /* FitCloud.m in Sources */,
				6B224B331F35F3B8009C0057 /* NSMutableDictionary+FCCategory.m in Sources */,
				6B224B5E1F362B99009C0057 /* FCSysConfigUtils.m in Sources */,
				6B224B301F35F3B8009C0057 /* FCOTAService.m in Sources */,
				6B95C4C41F3AF63300803964 /* FCRTSyncUtils.m in Sources */,
				6B95C4C11F3AF45E00803964 /* FitCloudAPI.m in Sources */,
				6B95C4CA1F3AF82F00803964 /* FCSyncUtils.m in Sources */,
				6B224B311F35F3B8009C0057 /* FitCloudUtils.m in Sources */,
			);
			runOnlyForDeploymentPostprocessing = 0;
		};
/* End PBXSourcesBuildPhase section */

/* Begin XCBuildConfiguration section */
		6B224B111F35F386009C0057 /* Debug */ = {
			isa = XCBuildConfiguration;
			buildSettings = {
				ALWAYS_SEARCH_USER_PATHS = NO;
				CLANG_ANALYZER_NONNULL = YES;
				CLANG_ANALYZER_NUMBER_OBJECT_CONVERSION = YES_AGGRESSIVE;
				CLANG_CXX_LANGUAGE_STANDARD = "gnu++0x";
				CLANG_CXX_LIBRARY = "libc++";
				CLANG_ENABLE_MODULES = YES;
				CLANG_ENABLE_OBJC_ARC = YES;
				CLANG_WARN_BOOL_CONVERSION = YES;
				CLANG_WARN_CONSTANT_CONVERSION = YES;
				CLANG_WARN_DIRECT_OBJC_ISA_USAGE = YES_ERROR;
				CLANG_WARN_DOCUMENTATION_COMMENTS = YES;
				CLANG_WARN_EMPTY_BODY = YES;
				CLANG_WARN_ENUM_CONVERSION = YES;
				CLANG_WARN_INFINITE_RECURSION = YES;
				CLANG_WARN_INT_CONVERSION = YES;
				CLANG_WARN_OBJC_ROOT_CLASS = YES_ERROR;
				CLANG_WARN_SUSPICIOUS_MOVE = YES;
				CLANG_WARN_UNREACHABLE_CODE = YES;
				CLANG_WARN__DUPLICATE_METHOD_MATCH = YES;
				"CODE_SIGN_IDENTITY[sdk=iphoneos*]" = "iPhone Developer";
				COPY_PHASE_STRIP = NO;
				DEBUG_INFORMATION_FORMAT = dwarf;
				ENABLE_STRICT_OBJC_MSGSEND = YES;
				ENABLE_TESTABILITY = YES;
				GCC_C_LANGUAGE_STANDARD = gnu99;
				GCC_DYNAMIC_NO_PIC = NO;
				GCC_NO_COMMON_BLOCKS = YES;
				GCC_OPTIMIZATION_LEVEL = 0;
				GCC_PREPROCESSOR_DEFINITIONS = (
					"DEBUG=1",
					"$(inherited)",
				);
				GCC_WARN_64_TO_32_BIT_CONVERSION = YES;
				GCC_WARN_ABOUT_RETURN_TYPE = YES_ERROR;
				GCC_WARN_UNDECLARED_SELECTOR = YES;
				GCC_WARN_UNINITIALIZED_AUTOS = YES_AGGRESSIVE;
				GCC_WARN_UNUSED_FUNCTION = YES;
				GCC_WARN_UNUSED_VARIABLE = YES;
				IPHONEOS_DEPLOYMENT_TARGET = 8.0;
				MTL_ENABLE_DEBUG_INFO = YES;
				ONLY_ACTIVE_ARCH = YES;
				SDKROOT = iphoneos;
			};
			name = Debug;
		};
		6B224B121F35F386009C0057 /* Release */ = {
			isa = XCBuildConfiguration;
			buildSettings = {
				ALWAYS_SEARCH_USER_PATHS = NO;
				CLANG_ANALYZER_NONNULL = YES;
				CLANG_ANALYZER_NUMBER_OBJECT_CONVERSION = YES_AGGRESSIVE;
				CLANG_CXX_LANGUAGE_STANDARD = "gnu++0x";
				CLANG_CXX_LIBRARY = "libc++";
				CLANG_ENABLE_MODULES = YES;
				CLANG_ENABLE_OBJC_ARC = YES;
				CLANG_WARN_BOOL_CONVERSION = YES;
				CLANG_WARN_CONSTANT_CONVERSION = YES;
				CLANG_WARN_DIRECT_OBJC_ISA_USAGE = YES_ERROR;
				CLANG_WARN_DOCUMENTATION_COMMENTS = YES;
				CLANG_WARN_EMPTY_BODY = YES;
				CLANG_WARN_ENUM_CONVERSION = YES;
				CLANG_WARN_INFINITE_RECURSION = YES;
				CLANG_WARN_INT_CONVERSION = YES;
				CLANG_WARN_OBJC_ROOT_CLASS = YES_ERROR;
				CLANG_WARN_SUSPICIOUS_MOVE = YES;
				CLANG_WARN_UNREACHABLE_CODE = YES;
				CLANG_WARN__DUPLICATE_METHOD_MATCH = YES;
				"CODE_SIGN_IDENTITY[sdk=iphoneos*]" = "iPhone Developer";
				COPY_PHASE_STRIP = NO;
				DEBUG_INFORMATION_FORMAT = "dwarf-with-dsym";
				ENABLE_NS_ASSERTIONS = NO;
				ENABLE_STRICT_OBJC_MSGSEND = YES;
				GCC_C_LANGUAGE_STANDARD = gnu99;
				GCC_NO_COMMON_BLOCKS = YES;
				GCC_WARN_64_TO_32_BIT_CONVERSION = YES;
				GCC_WARN_ABOUT_RETURN_TYPE = YES_ERROR;
				GCC_WARN_UNDECLARED_SELECTOR = YES;
				GCC_WARN_UNINITIALIZED_AUTOS = YES_AGGRESSIVE;
				GCC_WARN_UNUSED_FUNCTION = YES;
				GCC_WARN_UNUSED_VARIABLE = YES;
				IPHONEOS_DEPLOYMENT_TARGET = 8.0;
				MTL_ENABLE_DEBUG_INFO = NO;
				SDKROOT = iphoneos;
				VALIDATE_PRODUCT = YES;
			};
			name = Release;
		};
		6B224B141F35F386009C0057 /* Debug */ = {
			isa = XCBuildConfiguration;
			buildSettings = {
				CONFIGURATION_BUILD_DIR = "../lib/$(CONFIGURATION)$(EFFECTIVE_PLATFORM_NAME)";
				DEVELOPMENT_TEAM = K4VY4M94L6;
				OTHER_LDFLAGS = "-ObjC";
				PRODUCT_NAME = "$(TARGET_NAME)";
				SKIP_INSTALL = YES;
			};
			name = Debug;
		};
		6B224B151F35F386009C0057 /* Release */ = {
			isa = XCBuildConfiguration;
			buildSettings = {
				CONFIGURATION_BUILD_DIR = "../lib/$(CONFIGURATION)$(EFFECTIVE_PLATFORM_NAME)";
				DEVELOPMENT_TEAM = K4VY4M94L6;
				OTHER_LDFLAGS = "-ObjC";
				PRODUCT_NAME = "$(TARGET_NAME)";
				SKIP_INSTALL = YES;
			};
			name = Release;
		};
		6B224B361F35F3E0009C0057 /* Debug */ = {
			isa = XCBuildConfiguration;
			buildSettings = {
				DEVELOPMENT_TEAM = K4VY4M94L6;
				PRODUCT_NAME = "$(TARGET_NAME)";
			};
			name = Debug;
		};
		6B224B371F35F3E0009C0057 /* Release */ = {
			isa = XCBuildConfiguration;
			buildSettings = {
				DEVELOPMENT_TEAM = K4VY4M94L6;
				PRODUCT_NAME = "$(TARGET_NAME)";
			};
			name = Release;
		};
/* End XCBuildConfiguration section */

/* Begin XCConfigurationList section */
		6B224B051F35F386009C0057 /* Build configuration list for PBXProject "FitCloud" */ = {
			isa = XCConfigurationList;
			buildConfigurations = (
				6B224B111F35F386009C0057 /* Debug */,
				6B224B121F35F386009C0057 /* Release */,
			);
			defaultConfigurationIsVisible = 0;
			defaultConfigurationName = Release;
		};
		6B224B131F35F386009C0057 /* Build configuration list for PBXNativeTarget "FitCloud" */ = {
			isa = XCConfigurationList;
			buildConfigurations = (
				6B224B141F35F386009C0057 /* Debug */,
				6B224B151F35F386009C0057 /* Release */,
			);
			defaultConfigurationIsVisible = 0;
			defaultConfigurationName = Release;
		};
		6B224B351F35F3E0009C0057 /* Build configuration list for PBXAggregateTarget "AppleDoc" */ = {
			isa = XCConfigurationList;
			buildConfigurations = (
				6B224B361F35F3E0009C0057 /* Debug */,
				6B224B371F35F3E0009C0057 /* Release */,
			);
			defaultConfigurationIsVisible = 0;
			defaultConfigurationName = Release;
		};
/* End XCConfigurationList section */
	};
	rootObject = 6B224B021F35F386009C0057 /* Project object */;
}
